// !$*UTF8*$!
{
	archiveVersion = 1;
	classes = {
	};
	objectVersion = 51;
	objects = {

/* Begin PBXBuildFile section */
		0F2887B2259DE0B100774830 /* AppDelegate.m in Sources */ = {isa = PBXBuildFile; fileRef = 0F2887B1259DE0B100774830 /* AppDelegate.m */; };
		0F2887B5259DE0B100774830 /* SceneDelegate.m in Sources */ = {isa = PBXBuildFile; fileRef = 0F2887B4259DE0B100774830 /* SceneDelegate.m */; };
		0F2887B8259DE0B100774830 /* ViewController.m in Sources */ = {isa = PBXBuildFile; fileRef = 0F2887B7259DE0B100774830 /* ViewController.m */; };
		0F2887BB259DE0B100774830 /* Main.storyboard in Resources */ = {isa = PBXBuildFile; fileRef = 0F2887B9259DE0B100774830 /* Main.storyboard */; };
		0F2887BD259DE0B500774830 /* Assets.xcassets in Resources */ = {isa = PBXBuildFile; fileRef = 0F2887BC259DE0B500774830 /* Assets.xcassets */; };
		0F2887C0259DE0B500774830 /* LaunchScreen.storyboard in Resources */ = {isa = PBXBuildFile; fileRef = 0F2887BE259DE0B500774830 /* LaunchScreen.storyboard */; };
		0F2887C3259DE0B500774830 /* main.m in Sources */ = {isa = PBXBuildFile; fileRef = 0F2887C2259DE0B500774830 /* main.m */; };
		0F2887CD259DE0B500774830 /* UILabelHeightTests.m in Sources */ = {isa = PBXBuildFile; fileRef = 0F2887CC259DE0B500774830 /* UILabelHeightTests.m */; };
		0F2887D8259DE0B500774830 /* UILabelHeightUITests.m in Sources */ = {isa = PBXBuildFile; fileRef = 0F2887D7259DE0B500774830 /* UILabelHeightUITests.m */; };
		0F288820259DE12D00774830 /* LimitNumberOfLineController.m in Sources */ = {isa = PBXBuildFile; fileRef = 0F28881C259DE12D00774830 /* LimitNumberOfLineController.m */; };
		0F288821259DE12D00774830 /* UnLimitNumberOfLineController.m in Sources */ = {isa = PBXBuildFile; fileRef = 0F28881D259DE12D00774830 /* UnLimitNumberOfLineController.m */; };
		405486CCD1B3D7F0CD1F3CB5 /* Pods_UILabelHeight_UILabelHeightUITests.framework in Frameworks */ = {isa = PBXBuildFile; fileRef = DE4D00CC0EA8B03DBC9B4566 /* Pods_UILabelHeight_UILabelHeightUITests.framework */; };
		90115F7FC2FE813361A592C1 /* Pods_UILabelHeight.framework in Frameworks */ = {isa = PBXBuildFile; fileRef = 5ED0EDF089D7191C612E2768 /* Pods_UILabelHeight.framework */; };
		E189E35DF86375FD2897E3F6 /* Pods_UILabelHeightTests.framework in Frameworks */ = {isa = PBXBuildFile; fileRef = 3E9C77843CA588571D94947A /* Pods_UILabelHeightTests.framework */; };
/* End PBXBuildFile section */

/* Begin PBXContainerItemProxy section */
		0F2887C9259DE0B500774830 /* PBXContainerItemProxy */ = {
			isa = PBXContainerItemProxy;
			containerPortal = 0F2887A5259DE0B100774830 /* Project object */;
			proxyType = 1;
			remoteGlobalIDString = 0F2887AC259DE0B100774830;
			remoteInfo = UILabelHeight;
		};
		0F2887D4259DE0B500774830 /* PBXContainerItemProxy */ = {
			isa = PBXContainerItemProxy;
			containerPortal = 0F2887A5259DE0B100774830 /* Project object */;
			proxyType = 1;
			remoteGlobalIDString = 0F2887AC259DE0B100774830;
			remoteInfo = UILabelHeight;
		};
/* End PBXContainerItemProxy section */

/* Begin PBXFileReference section */
		0F2887AD259DE0B100774830 /* UILabelHeight.app */ = {isa = PBXFileReference; explicitFileType = wrapper.application; includeInIndex = 0; path = UILabelHeight.app; sourceTree = BUILT_PRODUCTS_DIR; };
		0F2887B0259DE0B100774830 /* AppDelegate.h */ = {isa = PBXFileReference; lastKnownFileType = sourcecode.c.h; path = AppDelegate.h; sourceTree = "<group>"; };
		0F2887B1259DE0B100774830 /* AppDelegate.m */ = {isa = PBXFileReference; lastKnownFileType = sourcecode.c.objc; path = AppDelegate.m; sourceTree = "<group>"; };
		0F2887B3259DE0B100774830 /* SceneDelegate.h */ = {isa = PBXFileReference; lastKnownFileType = sourcecode.c.h; path = SceneDelegate.h; sourceTree = "<group>"; };
		0F2887B4259DE0B100774830 /* SceneDelegate.m */ = {isa = PBXFileReference; lastKnownFileType = sourcecode.c.objc; path = SceneDelegate.m; sourceTree = "<group>"; };
		0F2887B6259DE0B100774830 /* ViewController.h */ = {isa = PBXFileReference; lastKnownFileType = sourcecode.c.h; path = ViewController.h; sourceTree = "<group>"; };
		0F2887B7259DE0B100774830 /* ViewController.m */ = {isa = PBXFileReference; lastKnownFileType = sourcecode.c.objc; path = ViewController.m; sourceTree = "<group>"; };
		0F2887BA259DE0B100774830 /* Base */ = {isa = PBXFileReference; lastKnownFileType = file.storyboard; name = Base; path = Base.lproj/Main.storyboard; sourceTree = "<group>"; };
		0F2887BC259DE0B500774830 /* Assets.xcassets */ = {isa = PBXFileReference; lastKnownFileType = folder.assetcatalog; path = Assets.xcassets; sourceTree = "<group>"; };
		0F2887BF259DE0B500774830 /* Base */ = {isa = PBXFileReference; lastKnownFileType = file.storyboard; name = Base; path = Base.lproj/LaunchScreen.storyboard; sourceTree = "<group>"; };
		0F2887C1259DE0B500774830 /* Info.plist */ = {isa = PBXFileReference; lastKnownFileType = text.plist.xml; path = Info.plist; sourceTree = "<group>"; };
		0F2887C2259DE0B500774830 /* main.m */ = {isa = PBXFileReference; lastKnownFileType = sourcecode.c.objc; path = main.m; sourceTree = "<group>"; };
		0F2887C8259DE0B500774830 /* UILabelHeightTests.xctest */ = {isa = PBXFileReference; explicitFileType = wrapper.cfbundle; includeInIndex = 0; path = UILabelHeightTests.xctest; sourceTree = BUILT_PRODUCTS_DIR; };
		0F2887CC259DE0B500774830 /* UILabelHeightTests.m */ = {isa = PBXFileReference; lastKnownFileType = sourcecode.c.objc; path = UILabelHeightTests.m; sourceTree = "<group>"; };
		0F2887CE259DE0B500774830 /* Info.plist */ = {isa = PBXFileReference; lastKnownFileType = text.plist.xml; path = Info.plist; sourceTree = "<group>"; };
		0F2887D3259DE0B500774830 /* UILabelHeightUITests.xctest */ = {isa = PBXFileReference; explicitFileType = wrapper.cfbundle; includeInIndex = 0; path = UILabelHeightUITests.xctest; sourceTree = BUILT_PRODUCTS_DIR; };
		0F2887D7259DE0B500774830 /* UILabelHeightUITests.m */ = {isa = PBXFileReference; lastKnownFileType = sourcecode.c.objc; path = UILabelHeightUITests.m; sourceTree = "<group>"; };
		0F2887D9259DE0B500774830 /* Info.plist */ = {isa = PBXFileReference; lastKnownFileType = text.plist.xml; path = Info.plist; sourceTree = "<group>"; };
		0F28881C259DE12D00774830 /* LimitNumberOfLineController.m */ = {isa = PBXFileReference; fileEncoding = 4; lastKnownFileType = sourcecode.c.objc; path = LimitNumberOfLineController.m; sourceTree = "<group>"; };
		0F28881D259DE12D00774830 /* UnLimitNumberOfLineController.m */ = {isa = PBXFileReference; fileEncoding = 4; lastKnownFileType = sourcecode.c.objc; path = UnLimitNumberOfLineController.m; sourceTree = "<group>"; };
		0F28881E259DE12D00774830 /* UnLimitNumberOfLineController.h */ = {isa = PBXFileReference; fileEncoding = 4; lastKnownFileType = sourcecode.c.h; path = UnLimitNumberOfLineController.h; sourceTree = "<group>"; };
		0F28881F259DE12D00774830 /* LimitNumberOfLineController.h */ = {isa = PBXFileReference; fileEncoding = 4; lastKnownFileType = sourcecode.c.h; path = LimitNumberOfLineController.h; sourceTree = "<group>"; };
		10241270D6598D167AB60E33 /* Pods-UILabelHeight-UILabelHeightUITests.debug.xcconfig */ = {isa = PBXFileReference; includeInIndex = 1; lastKnownFileType = text.xcconfig; name = "Pods-UILabelHeight-UILabelHeightUITests.debug.xcconfig"; path = "Target Support Files/Pods-UILabelHeight-UILabelHeightUITests/Pods-UILabelHeight-UILabelHeightUITests.debug.xcconfig"; sourceTree = "<group>"; };
		19D951E48532C7E2E2E670EF /* Pods-UILabelHeight.debug.xcconfig */ = {isa = PBXFileReference; includeInIndex = 1; lastKnownFileType = text.xcconfig; name = "Pods-UILabelHeight.debug.xcconfig"; path = "Target Support Files/Pods-UILabelHeight/Pods-UILabelHeight.debug.xcconfig"; sourceTree = "<group>"; };
		29663C33BF9589166AE0005F /* Pods-UILabelHeightTests.debug.xcconfig */ = {isa = PBXFileReference; includeInIndex = 1; lastKnownFileType = text.xcconfig; name = "Pods-UILabelHeightTests.debug.xcconfig"; path = "Target Support Files/Pods-UILabelHeightTests/Pods-UILabelHeightTests.debug.xcconfig"; sourceTree = "<group>"; };
		2CA5679C7296C13858B93547 /* Pods-UILabelHeightTests.release.xcconfig */ = {isa = PBXFileReference; includeInIndex = 1; lastKnownFileType = text.xcconfig; name = "Pods-UILabelHeightTests.release.xcconfig"; path = "Target Support Files/Pods-UILabelHeightTests/Pods-UILabelHeightTests.release.xcconfig"; sourceTree = "<group>"; };
		39DAF4A3EBCD3861EF6710BB /* Pods-UILabelHeight-UILabelHeightUITests.release.xcconfig */ = {isa = PBXFileReference; includeInIndex = 1; lastKnownFileType = text.xcconfig; name = "Pods-UILabelHeight-UILabelHeightUITests.release.xcconfig"; path = "Target Support Files/Pods-UILabelHeight-UILabelHeightUITests/Pods-UILabelHeight-UILabelHeightUITests.release.xcconfig"; sourceTree = "<group>"; };
		3E9C77843CA588571D94947A /* Pods_UILabelHeightTests.framework */ = {isa = PBXFileReference; explicitFileType = wrapper.framework; includeInIndex = 0; path = Pods_UILabelHeightTests.framework; sourceTree = BUILT_PRODUCTS_DIR; };
		5AA081468487EA0BA1FCAA60 /* Pods-UILabelHeight.release.xcconfig */ = {isa = PBXFileReference; includeInIndex = 1; lastKnownFileType = text.xcconfig; name = "Pods-UILabelHeight.release.xcconfig"; path = "Target Support Files/Pods-UILabelHeight/Pods-UILabelHeight.release.xcconfig"; sourceTree = "<group>"; };
		5ED0EDF089D7191C612E2768 /* Pods_UILabelHeight.framework */ = {isa = PBXFileReference; explicitFileType = wrapper.framework; includeInIndex = 0; path = Pods_UILabelHeight.framework; sourceTree = BUILT_PRODUCTS_DIR; };
		DE4D00CC0EA8B03DBC9B4566 /* Pods_UILabelHeight_UILabelHeightUITests.framework */ = {isa = PBXFileReference; explicitFileType = wrapper.framework; includeInIndex = 0; path = Pods_UILabelHeight_UILabelHeightUITests.framework; sourceTree = BUILT_PRODUCTS_DIR; };
/* End PBXFileReference section */

/* Begin PBXFrameworksBuildPhase section */
		0F2887AA259DE0B100774830 /* Frameworks */ = {
			isa = PBXFrameworksBuildPhase;
			buildActionMask = 2147483647;
			files = (
				90115F7FC2FE813361A592C1 /* Pods_UILabelHeight.framework in Frameworks */,
			);
			runOnlyForDeploymentPostprocessing = 0;
		};
		0F2887C5259DE0B500774830 /* Frameworks */ = {
			isa = PBXFrameworksBuildPhase;
			buildActionMask = 2147483647;
			files = (
				E189E35DF86375FD2897E3F6 /* Pods_UILabelHeightTests.framework in Frameworks */,
			);
			runOnlyForDeploymentPostprocessing = 0;
		};
		0F2887D0259DE0B500774830 /* Frameworks */ = {
			isa = PBXFrameworksBuildPhase;
			buildActionMask = 2147483647;
			files = (
				405486CCD1B3D7F0CD1F3CB5 /* Pods_UILabelHeight_UILabelHeightUITests.framework in Frameworks */,
			);
			runOnlyForDeploymentPostprocessing = 0;
		};
/* End PBXFrameworksBuildPhase section */

/* Begin PBXGroup section */
		0F2887A4259DE0B100774830 = {
			isa = PBXGroup;
			children = (
				0F2887AF259DE0B100774830 /* UILabelHeight */,
				0F2887CB259DE0B500774830 /* UILabelHeightTests */,
				0F2887D6259DE0B500774830 /* UILabelHeightUITests */,
				0F2887AE259DE0B100774830 /* Products */,
				70019042DEF13B27FE932ADE /* Pods */,
				320C0CB5BC45BE9745112DBC /* Frameworks */,
			);
			sourceTree = "<group>";
		};
		0F2887AE259DE0B100774830 /* Products */ = {
			isa = PBXGroup;
			children = (
				0F2887AD259DE0B100774830 /* UILabelHeight.app */,
				0F2887C8259DE0B500774830 /* UILabelHeightTests.xctest */,
				0F2887D3259DE0B500774830 /* UILabelHeightUITests.xctest */,
			);
			name = Products;
			sourceTree = "<group>";
		};
		0F2887AF259DE0B100774830 /* UILabelHeight */ = {
			isa = PBXGroup;
			children = (
				0F2887B0259DE0B100774830 /* AppDelegate.h */,
				0F2887B1259DE0B100774830 /* AppDelegate.m */,
				0F2887B3259DE0B100774830 /* SceneDelegate.h */,
				0F2887B4259DE0B100774830 /* SceneDelegate.m */,
				0F28881F259DE12D00774830 /* LimitNumberOfLineController.h */,
				0F28881C259DE12D00774830 /* LimitNumberOfLineController.m */,
				0F28881E259DE12D00774830 /* UnLimitNumberOfLineController.h */,
				0F28881D259DE12D00774830 /* UnLimitNumberOfLineController.m */,
				0F2887B6259DE0B100774830 /* ViewController.h */,
				0F2887B7259DE0B100774830 /* ViewController.m */,
				0F2887B9259DE0B100774830 /* Main.storyboard */,
				0F2887BC259DE0B500774830 /* Assets.xcassets */,
				0F2887BE259DE0B500774830 /* LaunchScreen.storyboard */,
				0F2887C1259DE0B500774830 /* Info.plist */,
				0F2887C2259DE0B500774830 /* main.m */,
			);
			path = UILabelHeight;
			sourceTree = "<group>";
		};
		0F2887CB259DE0B500774830 /* UILabelHeightTests */ = {
			isa = PBXGroup;
			children = (
				0F2887CC259DE0B500774830 /* UILabelHeightTests.m */,
				0F2887CE259DE0B500774830 /* Info.plist */,
			);
			path = UILabelHeightTests;
			sourceTree = "<group>";
		};
		0F2887D6259DE0B500774830 /* UILabelHeightUITests */ = {
			isa = PBXGroup;
			children = (
				0F2887D7259DE0B500774830 /* UILabelHeightUITests.m */,
				0F2887D9259DE0B500774830 /* Info.plist */,
			);
			path = UILabelHeightUITests;
			sourceTree = "<group>";
		};
		320C0CB5BC45BE9745112DBC /* Frameworks */ = {
			isa = PBXGroup;
			children = (
				5ED0EDF089D7191C612E2768 /* Pods_UILabelHeight.framework */,
				DE4D00CC0EA8B03DBC9B4566 /* Pods_UILabelHeight_UILabelHeightUITests.framework */,
				3E9C77843CA588571D94947A /* Pods_UILabelHeightTests.framework */,
			);
			name = Frameworks;
			sourceTree = "<group>";
		};
		70019042DEF13B27FE932ADE /* Pods */ = {
			isa = PBXGroup;
			children = (
				19D951E48532C7E2E2E670EF /* Pods-UILabelHeight.debug.xcconfig */,
				5AA081468487EA0BA1FCAA60 /* Pods-UILabelHeight.release.xcconfig */,
				10241270D6598D167AB60E33 /* Pods-UILabelHeight-UILabelHeightUITests.debug.xcconfig */,
				39DAF4A3EBCD3861EF6710BB /* Pods-UILabelHeight-UILabelHeightUITests.release.xcconfig */,
				29663C33BF9589166AE0005F /* Pods-UILabelHeightTests.debug.xcconfig */,
				2CA5679C7296C13858B93547 /* Pods-UILabelHeightTests.release.xcconfig */,
			);
			path = Pods;
			sourceTree = "<group>";
		};
/* End PBXGroup section */

/* Begin PBXNativeTarget section */
		0F2887AC259DE0B100774830 /* UILabelHeight */ = {
			isa = PBXNativeTarget;
			buildConfigurationList = 0F2887DC259DE0B500774830 /* Build configuration list for PBXNativeTarget "UILabelHeight" */;
			buildPhases = (
				27CA27F848841A24F5559172 /* [CP] Check Pods Manifest.lock */,
				0F2887A9259DE0B100774830 /* Sources */,
				0F2887AA259DE0B100774830 /* Frameworks */,
				0F2887AB259DE0B100774830 /* Resources */,
				3BAA4A240203F1B3D29E3EEE /* [CP] Embed Pods Frameworks */,
			);
			buildRules = (
			);
			dependencies = (
			);
			name = UILabelHeight;
			productName = UILabelHeight;
			productReference = 0F2887AD259DE0B100774830 /* UILabelHeight.app */;
			productType = "com.apple.product-type.application";
		};
		0F2887C7259DE0B500774830 /* UILabelHeightTests */ = {
			isa = PBXNativeTarget;
			buildConfigurationList = 0F2887DF259DE0B500774830 /* Build configuration list for PBXNativeTarget "UILabelHeightTests" */;
			buildPhases = (
				50F8DF7081AB50BC2D33CD1E /* [CP] Check Pods Manifest.lock */,
				0F2887C4259DE0B500774830 /* Sources */,
				0F2887C5259DE0B500774830 /* Frameworks */,
				0F2887C6259DE0B500774830 /* Resources */,
			);
			buildRules = (
			);
			dependencies = (
				0F2887CA259DE0B500774830 /* PBXTargetDependency */,
			);
			name = UILabelHeightTests;
			productName = UILabelHeightTests;
			productReference = 0F2887C8259DE0B500774830 /* UILabelHeightTests.xctest */;
			productType = "com.apple.product-type.bundle.unit-test";
		};
		0F2887D2259DE0B500774830 /* UILabelHeightUITests */ = {
			isa = PBXNativeTarget;
			buildConfigurationList = 0F2887E2259DE0B500774830 /* Build configuration list for PBXNativeTarget "UILabelHeightUITests" */;
			buildPhases = (
				5AEB09F167A990AD84EBC9A9 /* [CP] Check Pods Manifest.lock */,
				0F2887CF259DE0B500774830 /* Sources */,
				0F2887D0259DE0B500774830 /* Frameworks */,
				0F2887D1259DE0B500774830 /* Resources */,
				B5F42A99B77079AF75E54BA8 /* [CP] Embed Pods Frameworks */,
			);
			buildRules = (
			);
			dependencies = (
				0F2887D5259DE0B500774830 /* PBXTargetDependency */,
			);
			name = UILabelHeightUITests;
			productName = UILabelHeightUITests;
			productReference = 0F2887D3259DE0B500774830 /* UILabelHeightUITests.xctest */;
			productType = "com.apple.product-type.bundle.ui-testing";
		};
/* End PBXNativeTarget section */

/* Begin PBXProject section */
		0F2887A5259DE0B100774830 /* Project object */ = {
			isa = PBXProject;
			attributes = {
				LastUpgradeCheck = 1230;
				TargetAttributes = {
					0F2887AC259DE0B100774830 = {
						CreatedOnToolsVersion = 12.3;
					};
					0F2887C7259DE0B500774830 = {
						CreatedOnToolsVersion = 12.3;
						TestTargetID = 0F2887AC259DE0B100774830;
					};
					0F2887D2259DE0B500774830 = {
						CreatedOnToolsVersion = 12.3;
						TestTargetID = 0F2887AC259DE0B100774830;
					};
				};
			};
			buildConfigurationList = 0F2887A8259DE0B100774830 /* Build configuration list for PBXProject "UILabelHeight" */;
			compatibilityVersion = "Xcode 9.3";
			developmentRegion = en;
			hasScannedForEncodings = 0;
			knownRegions = (
				en,
				Base,
			);
			mainGroup = 0F2887A4259DE0B100774830;
			productRefGroup = 0F2887AE259DE0B100774830 /* Products */;
			projectDirPath = "";
			projectRoot = "";
			targets = (
				0F2887AC259DE0B100774830 /* UILabelHeight */,
				0F2887C7259DE0B500774830 /* UILabelHeightTests */,
				0F2887D2259DE0B500774830 /* UILabelHeightUITests */,
			);
		};
/* End PBXProject section */

/* Begin PBXResourcesBuildPhase section */
		0F2887AB259DE0B100774830 /* Resources */ = {
			isa = PBXResourcesBuildPhase;
			buildActionMask = 2147483647;
			files = (
				0F2887C0259DE0B500774830 /* LaunchScreen.storyboard in Resources */,
				0F2887BD259DE0B500774830 /* Assets.xcassets in Resources */,
				0F2887BB259DE0B100774830 /* Main.storyboard in Resources */,
			);
			runOnlyForDeploymentPostprocessing = 0;
		};
		0F2887C6259DE0B500774830 /* Resources */ = {
			isa = PBXResourcesBuildPhase;
			buildActionMask = 2147483647;
			files = (
			);
			runOnlyForDeploymentPostprocessing = 0;
		};
		0F2887D1259DE0B500774830 /* Resources */ = {
			isa = PBXResourcesBuildPhase;
			buildActionMask = 2147483647;
			files = (
			);
			runOnlyForDeploymentPostprocessing = 0;
		};
/* End PBXResourcesBuildPhase section */

/* Begin PBXShellScriptBuildPhase section */
		27CA27F848841A24F5559172 /* [CP] Check Pods Manifest.lock */ = {
			isa = PBXShellScriptBuildPhase;
			buildActionMask = 2147483647;
			files = (
			);
			inputFileListPaths = (
			);
			inputPaths = (
				"${PODS_PODFILE_DIR_PATH}/Podfile.lock",
				"${PODS_ROOT}/Manifest.lock",
			);
			name = "[CP] Check Pods Manifest.lock";
			outputFileListPaths = (
			);
			outputPaths = (
				"$(DERIVED_FILE_DIR)/Pods-UILabelHeight-checkManifestLockResult.txt",
			);
			runOnlyForDeploymentPostprocessing = 0;
			shellPath = /bin/sh;
			shellScript = "diff \"${PODS_PODFILE_DIR_PATH}/Podfile.lock\" \"${PODS_ROOT}/Manifest.lock\" > /dev/null\nif [ $? != 0 ] ; then\n    # print error to STDERR\n    echo \"error: The sandbox is not in sync with the Podfile.lock. Run 'pod install' or update your CocoaPods installation.\" >&2\n    exit 1\nfi\n# This output is used by Xcode 'outputs' to avoid re-running this script phase.\necho \"SUCCESS\" > \"${SCRIPT_OUTPUT_FILE_0}\"\n";
			showEnvVarsInLog = 0;
		};
		3BAA4A240203F1B3D29E3EEE /* [CP] Embed Pods Frameworks */ = {
			isa = PBXShellScriptBuildPhase;
			buildActionMask = 2147483647;
			files = (
			);
			inputFileListPaths = (
				"${PODS_ROOT}/Target Support Files/Pods-UILabelHeight/Pods-UILabelHeight-frameworks-${CONFIGURATION}-input-files.xcfilelist",
			);
			name = "[CP] Embed Pods Frameworks";
			outputFileListPaths = (
				"${PODS_ROOT}/Target Support Files/Pods-UILabelHeight/Pods-UILabelHeight-frameworks-${CONFIGURATION}-output-files.xcfilelist",
			);
			runOnlyForDeploymentPostprocessing = 0;
			shellPath = /bin/sh;
			shellScript = "\"${PODS_ROOT}/Target Support Files/Pods-UILabelHeight/Pods-UILabelHeight-frameworks.sh\"\n";
			showEnvVarsInLog = 0;
		};
		50F8DF7081AB50BC2D33CD1E /* [CP] Check Pods Manifest.lock */ = {
			isa = PBXShellScriptBuildPhase;
			buildActionMask = 2147483647;
			files = (
			);
			inputFileListPaths = (
			);
			inputPaths = (
				"${PODS_PODFILE_DIR_PATH}/Podfile.lock",
				"${PODS_ROOT}/Manifest.lock",
			);
			name = "[CP] Check Pods Manifest.lock";
			outputFileListPaths = (
			);
			outputPaths = (
				"$(DERIVED_FILE_DIR)/Pods-UILabelHeightTests-checkManifestLockResult.txt",
			);
			runOnlyForDeploymentPostprocessing = 0;
			shellPath = /bin/sh;
			shellScript = "diff \"${PODS_PODFILE_DIR_PATH}/Podfile.lock\" \"${PODS_ROOT}/Manifest.lock\" > /dev/null\nif [ $? != 0 ] ; then\n    # print error to STDERR\n    echo \"error: The sandbox is not in sync with the Podfile.lock. Run 'pod install' or update your CocoaPods installation.\" >&2\n    exit 1\nfi\n# This output is used by Xcode 'outputs' to avoid re-running this script phase.\necho \"SUCCESS\" > \"${SCRIPT_OUTPUT_FILE_0}\"\n";
			showEnvVarsInLog = 0;
		};
		5AEB09F167A990AD84EBC9A9 /* [CP] Check Pods Manifest.lock */ = {
			isa = PBXShellScriptBuildPhase;
			buildActionMask = 2147483647;
			files = (
			);
			inputFileListPaths = (
			);
			inputPaths = (
				"${PODS_PODFILE_DIR_PATH}/Podfile.lock",
				"${PODS_ROOT}/Manifest.lock",
			);
			name = "[CP] Check Pods Manifest.lock";
			outputFileListPaths = (
			);
			outputPaths = (
				"$(DERIVED_FILE_DIR)/Pods-UILabelHeight-UILabelHeightUITests-checkManifestLockResult.txt",
			);
			runOnlyForDeploymentPostprocessing = 0;
			shellPath = /bin/sh;
			shellScript = "diff \"${PODS_PODFILE_DIR_PATH}/Podfile.lock\" \"${PODS_ROOT}/Manifest.lock\" > /dev/null\nif [ $? != 0 ] ; then\n    # print error to STDERR\n    echo \"error: The sandbox is not in sync with the Podfile.lock. Run 'pod install' or update your CocoaPods installation.\" >&2\n    exit 1\nfi\n# This output is used by Xcode 'outputs' to avoid re-running this script phase.\necho \"SUCCESS\" > \"${SCRIPT_OUTPUT_FILE_0}\"\n";
			showEnvVarsInLog = 0;
		};
		B5F42A99B77079AF75E54BA8 /* [CP] Embed Pods Frameworks */ = {
			isa = PBXShellScriptBuildPhase;
			buildActionMask = 2147483647;
			files = (
			);
			inputFileListPaths = (
				"${PODS_ROOT}/Target Support Files/Pods-UILabelHeight-UILabelHeightUITests/Pods-UILabelHeight-UILabelHeightUITests-frameworks-${CONFIGURATION}-input-files.xcfilelist",
			);
			name = "[CP] Embed Pods Frameworks";
			outputFileListPaths = (
				"${PODS_ROOT}/Target Support Files/Pods-UILabelHeight-UILabelHeightUITests/Pods-UILabelHeight-UILabelHeightUITests-frameworks-${CONFIGURATION}-output-files.xcfilelist",
			);
			runOnlyForDeploymentPostprocessing = 0;
			shellPath = /bin/sh;
			shellScript = "\"${PODS_ROOT}/Target Support Files/Pods-UILabelHeight-UILabelHeightUITests/Pods-UILabelHeight-UILabelHeightUITests-frameworks.sh\"\n";
			showEnvVarsInLog = 0;
		};
/* End PBXShellScriptBuildPhase section */

/* Begin PBXSourcesBuildPhase section */
		0F2887A9259DE0B100774830 /* Sources */ = {
			isa = PBXSourcesBuildPhase;
			buildActionMask = 2147483647;
			files = (
				0F2887B8259DE0B100774830 /* ViewController.m in Sources */,
				0F288820259DE12D00774830 /* LimitNumberOfLineController.m in Sources */,
				0F2887B2259DE0B100774830 /* AppDelegate.m in Sources */,
				0F2887C3259DE0B500774830 /* main.m in Sources */,
				0F288821259DE12D00774830 /* UnLimitNumberOfLineController.m in Sources */,
				0F2887B5259DE0B100774830 /* SceneDelegate.m in Sources */,
			);
			runOnlyForDeploymentPostprocessing = 0;
		};
		0F2887C4259DE0B500774830 /* Sources */ = {
			isa = PBXSourcesBuildPhase;
			buildActionMask = 2147483647;
			files = (
				0F2887CD259DE0B500774830 /* UILabelHeightTests.m in Sources */,
			);
			runOnlyForDeploymentPostprocessing = 0;
		};
		0F2887CF259DE0B500774830 /* Sources */ = {
			isa = PBXSourcesBuildPhase;
			buildActionMask = 2147483647;
			files = (
				0F2887D8259DE0B500774830 /* UILabelHeightUITests.m in Sources */,
			);
			runOnlyForDeploymentPostprocessing = 0;
		};
/* End PBXSourcesBuildPhase section */

/* Begin PBXTargetDependency section */
		0F2887CA259DE0B500774830 /* PBXTargetDependency */ = {
			isa = PBXTargetDependency;
			target = 0F2887AC259DE0B100774830 /* UILabelHeight */;
			targetProxy = 0F2887C9259DE0B500774830 /* PBXContainerItemProxy */;
		};
		0F2887D5259DE0B500774830 /* PBXTargetDependency */ = {
			isa = PBXTargetDependency;
			target = 0F2887AC259DE0B100774830 /* UILabelHeight */;
			targetProxy = 0F2887D4259DE0B500774830 /* PBXContainerItemProxy */;
		};
/* End PBXTargetDependency section */

/* Begin PBXVariantGroup section */
		0F2887B9259DE0B100774830 /* Main.storyboard */ = {
			isa = PBXVariantGroup;
			children = (
				0F2887BA259DE0B100774830 /* Base */,
			);
			name = Main.storyboard;
			sourceTree = "<group>";
		};
		0F2887BE259DE0B500774830 /* LaunchScreen.storyboard */ = {
			isa = PBXVariantGroup;
			children = (
				0F2887BF259DE0B500774830 /* Base */,
			);
			name = LaunchScreen.storyboard;
			sourceTree = "<group>";
		};
/* End PBXVariantGroup section */

/* Begin XCBuildConfiguration section */
		0F2887DA259DE0B500774830 /* Debug */ = {
			isa = XCBuildConfiguration;
			buildSettings = {
				ALWAYS_SEARCH_USER_PATHS = NO;
				CLANG_ANALYZER_NONNULL = YES;
				CLANG_ANALYZER_NUMBER_OBJECT_CONVERSION = YES_AGGRESSIVE;
				CLANG_CXX_LANGUAGE_STANDARD = "gnu++14";
				CLANG_CXX_LIBRARY = "libc++";
				CLANG_ENABLE_MODULES = YES;
				CLANG_ENABLE_OBJC_ARC = YES;
				CLANG_ENABLE_OBJC_WEAK = YES;
				CLANG_WARN_BLOCK_CAPTURE_AUTORELEASING = YES;
				CLANG_WARN_BOOL_CONVERSION = YES;
				CLANG_WARN_COMMA = YES;
				CLANG_WARN_CONSTANT_CONVERSION = YES;
				CLANG_WARN_DEPRECATED_OBJC_IMPLEMENTATIONS = YES;
				CLANG_WARN_DIRECT_OBJC_ISA_USAGE = YES_ERROR;
				CLANG_WARN_DOCUMENTATION_COMMENTS = YES;
				CLANG_WARN_EMPTY_BODY = YES;
				CLANG_WARN_ENUM_CONVERSION = YES;
				CLANG_WARN_INFINITE_RECURSION = YES;
				CLANG_WARN_INT_CONVERSION = YES;
				CLANG_WARN_NON_LITERAL_NULL_CONVERSION = YES;
				CLANG_WARN_OBJC_IMPLICIT_RETAIN_SELF = YES;
				CLANG_WARN_OBJC_LITERAL_CONVERSION = YES;
				CLANG_WARN_OBJC_ROOT_CLASS = YES_ERROR;
				CLANG_WARN_QUOTED_INCLUDE_IN_FRAMEWORK_HEADER = YES;
				CLANG_WARN_RANGE_LOOP_ANALYSIS = YES;
				CLANG_WARN_STRICT_PROTOTYPES = YES;
				CLANG_WARN_SUSPICIOUS_MOVE = YES;
				CLANG_WARN_UNGUARDED_AVAILABILITY = YES_AGGRESSIVE;
				CLANG_WARN_UNREACHABLE_CODE = YES;
				CLANG_WARN__DUPLICATE_METHOD_MATCH = YES;
				COPY_PHASE_STRIP = NO;
				DEBUG_INFORMATION_FORMAT = dwarf;
				ENABLE_STRICT_OBJC_MSGSEND = YES;
				ENABLE_TESTABILITY = YES;
				GCC_C_LANGUAGE_STANDARD = gnu11;
				GCC_DYNAMIC_NO_PIC = NO;
				GCC_NO_COMMON_BLOCKS = YES;
				GCC_OPTIMIZATION_LEVEL = 0;
				GCC_PREPROCESSOR_DEFINITIONS = (
					"DEBUG=1",
					"$(inherited)",
				);
				GCC_WARN_64_TO_32_BIT_CONVERSION = YES;
				GCC_WARN_ABOUT_RETURN_TYPE = YES_ERROR;
				GCC_WARN_UNDECLARED_SELECTOR = YES;
				GCC_WARN_UNINITIALIZED_AUTOS = YES_AGGRESSIVE;
				GCC_WARN_UNUSED_FUNCTION = YES;
				GCC_WARN_UNUSED_VARIABLE = YES;
				IPHONEOS_DEPLOYMENT_TARGET = 14.3;
				MTL_ENABLE_DEBUG_INFO = INCLUDE_SOURCE;
				MTL_FAST_MATH = YES;
				ONLY_ACTIVE_ARCH = YES;
				SDKROOT = iphoneos;
			};
			name = Debug;
		};
		0F2887DB259DE0B500774830 /* Release */ = {
			isa = XCBuildConfiguration;
			buildSettings = {
				ALWAYS_SEARCH_USER_PATHS = NO;
				CLANG_ANALYZER_NONNULL = YES;
				CLANG_ANALYZER_NUMBER_OBJECT_CONVERSION = YES_AGGRESSIVE;
				CLANG_CXX_LANGUAGE_STANDARD = "gnu++14";
				CLANG_CXX_LIBRARY = "libc++";
				CLANG_ENABLE_MODULES = YES;
				CLANG_ENABLE_OBJC_ARC = YES;
				CLANG_ENABLE_OBJC_WEAK = YES;
				CLANG_WARN_BLOCK_CAPTURE_AUTORELEASING = YES;
				CLANG_WARN_BOOL_CONVERSION = YES;
				CLANG_WARN_COMMA = YES;
				CLANG_WARN_CONSTANT_CONVERSION = YES;
				CLANG_WARN_DEPRECATED_OBJC_IMPLEMENTATIONS = YES;
				CLANG_WARN_DIRECT_OBJC_ISA_USAGE = YES_ERROR;
				CLANG_WARN_DOCUMENTATION_COMMENTS = YES;
				CLANG_WARN_EMPTY_BODY = YES;
				CLANG_WARN_ENUM_CONVERSION = YES;
				CLANG_WARN_INFINITE_RECURSION = YES;
				CLANG_WARN_INT_CONVERSION = YES;
				CLANG_WARN_NON_LITERAL_NULL_CONVERSION = YES;
				CLANG_WARN_OBJC_IMPLICIT_RETAIN_SELF = YES;
				CLANG_WARN_OBJC_LITERAL_CONVERSION = YES;
				CLANG_WARN_OBJC_ROOT_CLASS = YES_ERROR;
				CLANG_WARN_QUOTED_INCLUDE_IN_FRAMEWORK_HEADER = YES;
				CLANG_WARN_RANGE_LOOP_ANALYSIS = YES;
				CLANG_WARN_STRICT_PROTOTYPES = YES;
				CLANG_WARN_SUSPICIOUS_MOVE = YES;
				CLANG_WARN_UNGUARDED_AVAILABILITY = YES_AGGRESSIVE;
				CLANG_WARN_UNREACHABLE_CODE = YES;
				CLANG_WARN__DUPLICATE_METHOD_MATCH = YES;
				COPY_PHASE_STRIP = NO;
				DEBUG_INFORMATION_FORMAT = "dwarf-with-dsym";
				ENABLE_NS_ASSERTIONS = NO;
				ENABLE_STRICT_OBJC_MSGSEND = YES;
				GCC_C_LANGUAGE_STANDARD = gnu11;
				GCC_NO_COMMON_BLOCKS = YES;
				GCC_WARN_64_TO_32_BIT_CONVERSION = YES;
				GCC_WARN_ABOUT_RETURN_TYPE = YES_ERROR;
				GCC_WARN_UNDECLARED_SELECTOR = YES;
				GCC_WARN_UNINITIALIZED_AUTOS = YES_AGGRESSIVE;
				GCC_WARN_UNUSED_FUNCTION = YES;
				GCC_WARN_UNUSED_VARIABLE = YES;
				IPHONEOS_DEPLOYMENT_TARGET = 14.3;
				MTL_ENABLE_DEBUG_INFO = NO;
				MTL_FAST_MATH = YES;
				SDKROOT = iphoneos;
				VALIDATE_PRODUCT = YES;
			};
			name = Release;
		};
		0F2887DD259DE0B500774830 /* Debug */ = {
			isa = XCBuildConfiguration;
			baseConfigurationReference = 19D951E48532C7E2E2E670EF /* Pods-UILabelHeight.debug.xcconfig */;
			buildSettings = {
				ASSETCATALOG_COMPILER_APPICON_NAME = AppIcon;
				ASSETCATALOG_COMPILER_GLOBAL_ACCENT_COLOR_NAME = AccentColor;
				CODE_SIGN_STYLE = Automatic;
				DEVELOPMENT_TEAM = 4H33EPS92X;
				INFOPLIST_FILE = UILabelHeight/Info.plist;
				LD_RUNPATH_SEARCH_PATHS = (
					"$(inherited)",
					"@executable_path/Frameworks",
				);
				PRODUCT_BUNDLE_IDENTIFIER = cn.com.fanyunfei.UILabelHeight;
				PRODUCT_NAME = "$(TARGET_NAME)";
				TARGETED_DEVICE_FAMILY = "1,2";
			};
			name = Debug;
		};
		0F2887DE259DE0B500774830 /* Release */ = {
			isa = XCBuildConfiguration;
			baseConfigurationReference = 5AA081468487EA0BA1FCAA60 /* Pods-UILabelHeight.release.xcconfig */;
			buildSettings = {
				ASSETCATALOG_COMPILER_APPICON_NAME = AppIcon;
				ASSETCATALOG_COMPILER_GLOBAL_ACCENT_COLOR_NAME = AccentColor;
				CODE_SIGN_STYLE = Automatic;
				DEVELOPMENT_TEAM = 4H33EPS92X;
				INFOPLIST_FILE = UILabelHeight/Info.plist;
				LD_RUNPATH_SEARCH_PATHS = (
					"$(inherited)",
					"@executable_path/Frameworks",
				);
				PRODUCT_BUNDLE_IDENTIFIER = cn.com.fanyunfei.UILabelHeight;
				PRODUCT_NAME = "$(TARGET_NAME)";
				TARGETED_DEVICE_FAMILY = "1,2";
			};
			name = Release;
		};
		0F2887E0259DE0B500774830 /* Debug */ = {
			isa = XCBuildConfiguration;
			baseConfigurationReference = 29663C33BF9589166AE0005F /* Pods-UILabelHeightTests.debug.xcconfig */;
			buildSettings = {
				BUNDLE_LOADER = "$(TEST_HOST)";
				CODE_SIGN_STYLE = Automatic;
				DEVELOPMENT_TEAM = 4H33EPS92X;
				INFOPLIST_FILE = UILabelHeightTests/Info.plist;
				IPHONEOS_DEPLOYMENT_TARGET = 14.3;
				LD_RUNPATH_SEARCH_PATHS = (
					"$(inherited)",
					"@executable_path/Frameworks",
					"@loader_path/Frameworks",
				);
				PRODUCT_BUNDLE_IDENTIFIER = cn.com.fanyunfei.UILabelHeightTests;
				PRODUCT_NAME = "$(TARGET_NAME)";
				TARGETED_DEVICE_FAMILY = "1,2";
				TEST_HOST = "$(BUILT_PRODUCTS_DIR)/UILabelHeight.app/UILabelHeight";
			};
			name = Debug;
		};
		0F2887E1259DE0B500774830 /* Release */ = {
			isa = XCBuildConfiguration;
			baseConfigurationReference = 2CA5679C7296C13858B93547 /* Pods-UILabelHeightTests.release.xcconfig */;
			buildSettings = {
				BUNDLE_LOADER = "$(TEST_HOST)";
				CODE_SIGN_STYLE = Automatic;
				DEVELOPMENT_TEAM = 4H33EPS92X;
				INFOPLIST_FILE = UILabelHeightTests/Info.plist;
				IPHONEOS_DEPLOYMENT_TARGET = 14.3;
				LD_RUNPATH_SEARCH_PATHS = (
					"$(inherited)",
					"@executable_path/Frameworks",
					"@loader_path/Frameworks",
				);
				PRODUCT_BUNDLE_IDENTIFIER = cn.com.fanyunfei.UILabelHeightTests;
				PRODUCT_NAME = "$(TARGET_NAME)";
				TARGETED_DEVICE_FAMILY = "1,2";
				TEST_HOST = "$(BUILT_PRODUCTS_DIR)/UILabelHeight.app/UILabelHeight";
			};
			name = Release;
		};
		0F2887E3259DE0B500774830 /* Debug */ = {
			isa = XCBuildConfiguration;
			baseConfigurationReference = 10241270D6598D167AB60E33 /* Pods-UILabelHeight-UILabelHeightUITests.debug.xcconfig */;
			buildSettings = {
				CODE_SIGN_STYLE = Automatic;
				DEVELOPMENT_TEAM = 4H33EPS92X;
				INFOPLIST_FILE = UILabelHeightUITests/Info.plist;
				LD_RUNPATH_SEARCH_PATHS = (
					"$(inherited)",
					"@executable_path/Frameworks",
					"@loader_path/Frameworks",
				);
				PRODUCT_BUNDLE_IDENTIFIER = cn.com.fanyunfei.UILabelHeightUITests;
				PRODUCT_NAME = "$(TARGET_NAME)";
				TARGETED_DEVICE_FAMILY = "1,2";
				TEST_TARGET_NAME = UILabelHeight;
			};
			name = Debug;
		};
		0F2887E4259DE0B500774830 /* Release */ = {
			isa = XCBuildConfiguration;
			baseConfigurationReference = 39DAF4A3EBCD3861EF6710BB /* Pods-UILabelHeight-UILabelHeightUITests.release.xcconfig */;
			buildSettings = {
				CODE_SIGN_STYLE = Automatic;
				DEVELOPMENT_TEAM = 4H33EPS92X;
				INFOPLIST_FILE = UILabelHeightUITests/Info.plist;
				LD_RUNPATH_SEARCH_PATHS = (
					"$(inherited)",
					"@executable_path/Frameworks",
					"@loader_path/Frameworks",
				);
				PRODUCT_BUNDLE_IDENTIFIER = cn.com.fanyunfei.UILabelHeightUITests;
				PRODUCT_NAME = "$(TARGET_NAME)";
				TARGETED_DEVICE_FAMILY = "1,2";
				TEST_TARGET_NAME = UILabelHeight;
			};
			name = Release;
		};
/* End XCBuildConfiguration section */

/* Begin XCConfigurationList section */
		0F2887A8259DE0B100774830 /* Build configuration list for PBXProject "UILabelHeight" */ = {
			isa = XCConfigurationList;
			buildConfigurations = (
				0F2887DA259DE0B500774830 /* Debug */,
				0F2887DB259DE0B500774830 /* Release */,
			);
			defaultConfigurationIsVisible = 0;
			defaultConfigurationName = Release;
		};
		0F2887DC259DE0B500774830 /* Build configuration list for PBXNativeTarget "UILabelHeight" */ = {
			isa = XCConfigurationList;
			buildConfigurations = (
				0F2887DD259DE0B500774830 /* Debug */,
				0F2887DE259DE0B500774830 /* Release */,
			);
			defaultConfigurationIsVisible = 0;
			defaultConfigurationName = Release;
		};
		0F2887DF259DE0B500774830 /* Build configuration list for PBXNativeTarget "UILabelHeightTests" */ = {
			isa = XCConfigurationList;
			buildConfigurations = (
				0F2887E0259DE0B500774830 /* Debug */,
				0F2887E1259DE0B500774830 /* Release */,
			);
			defaultConfigurationIsVisible = 0;
			defaultConfigurationName = Release;
		};
		0F2887E2259DE0B500774830 /* Build configuration list for PBXNativeTarget "UILabelHeightUITests" */ = {
			isa = XCConfigurationList;
			buildConfigurations = (
				0F2887E3259DE0B500774830 /* Debug */,
				0F2887E4259DE0B500774830 /* Release */,
			);
			defaultConfigurationIsVisible = 0;
			defaultConfigurationName = Release;
		};
/* End XCConfigurationList section */
	};
	rootObject = 0F2887A5259DE0B100774830 /* Project object */;
}
